// !$*UTF8*$!
{
	archiveVersion = 1;
	classes = {
	};
	objectVersion = 48;
	objects = {

/* Begin PBXBuildFile section */
		C870FAD6207B593F0082F9A1 /* AppDelegate.swift in Sources */ = {isa = PBXBuildFile; fileRef = C870FAD5207B593F0082F9A1 /* AppDelegate.swift */; };
		C870FAD8207B593F0082F9A1 /* ViewController.swift in Sources */ = {isa = PBXBuildFile; fileRef = C870FAD7207B593F0082F9A1 /* ViewController.swift */; };
		C870FADB207B593F0082F9A1 /* Main.storyboard in Resources */ = {isa = PBXBuildFile; fileRef = C870FAD9207B593F0082F9A1 /* Main.storyboard */; };
		C870FADD207B593F0082F9A1 /* Assets.xcassets in Resources */ = {isa = PBXBuildFile; fileRef = C870FADC207B593F0082F9A1 /* Assets.xcassets */; };
		C870FAE0207B593F0082F9A1 /* LaunchScreen.storyboard in Resources */ = {isa = PBXBuildFile; fileRef = C870FADE207B593F0082F9A1 /* LaunchScreen.storyboard */; };
		C870FAE9207B59930082F9A1 /* MyTableViewCell.swift in Sources */ = {isa = PBXBuildFile; fileRef = C870FAE7207B59930082F9A1 /* MyTableViewCell.swift */; };
		C870FAEA207B59930082F9A1 /* MyTableViewCell.xib in Resources */ = {isa = PBXBuildFile; fileRef = C870FAE8207B59930082F9A1 /* MyTableViewCell.xib */; };
/* End PBXBuildFile section */

/* Begin PBXFileReference section */
		C870FAD2207B593F0082F9A1 /* TableViewHeightIncreaseOnContent.app */ = {isa = PBXFileReference; explicitFileType = wrapper.application; includeInIndex = 0; path = TableViewHeightIncreaseOnContent.app; sourceTree = BUILT_PRODUCTS_DIR; };
		C870FAD5207B593F0082F9A1 /* AppDelegate.swift */ = {isa = PBXFileReference; lastKnownFileType = sourcecode.swift; path = AppDelegate.swift; sourceTree = "<group>"; };
		C870FAD7207B593F0082F9A1 /* ViewController.swift */ = {isa = PBXFileReference; lastKnownFileType = sourcecode.swift; path = ViewController.swift; sourceTree = "<group>"; };
		C870FADA207B593F0082F9A1 /* Base */ = {isa = PBXFileReference; lastKnownFileType = file.storyboard; name = Base; path = Base.lproj/Main.storyboard; sourceTree = "<group>"; };
		C870FADC207B593F0082F9A1 /* Assets.xcassets */ = {isa = PBXFileReference; lastKnownFileType = folder.assetcatalog; path = Assets.xcassets; sourceTree = "<group>"; };
		C870FADF207B593F0082F9A1 /* Base */ = {isa = PBXFileReference; lastKnownFileType = file.storyboard; name = Base; path = Base.lproj/LaunchScreen.storyboard; sourceTree = "<group>"; };
		C870FAE1207B593F0082F9A1 /* Info.plist */ = {isa = PBXFileReference; lastKnownFileType = text.plist.xml; path = Info.plist; sourceTree = "<group>"; };
		C870FAE7207B59930082F9A1 /* MyTableViewCell.swift */ = {isa = PBXFileReference; lastKnownFileType = sourcecode.swift; path = MyTableViewCell.swift; sourceTree = "<group>"; };
		C870FAE8207B59930082F9A1 /* MyTableViewCell.xib */ = {isa = PBXFileReference; lastKnownFileType = file.xib; path = MyTableViewCell.xib; sourceTree = "<group>"; };
/* End PBXFileReference section */

/* Begin PBXFrameworksBuildPhase section */
		C870FACF207B593F0082F9A1 /* Frameworks */ = {
			isa = PBXFrameworksBuildPhase;
			buildActionMask = 2147483647;
			files = (
			);
			runOnlyForDeploymentPostprocessing = 0;
		};
/* End PBXFrameworksBuildPhase section */

/* Begin PBXGroup section */
		C870FAC9207B593E0082F9A1 = {
			isa = PBXGroup;
			children = (
				C870FAD4207B593F0082F9A1 /* TableViewHeightIncreaseOnContent */,
				C870FAD3207B593F0082F9A1 /* Products */,
			);
			sourceTree = "<group>";
		};
		C870FAD3207B593F0082F9A1 /* Products */ = {
			isa = PBXGroup;
			children = (
				C870FAD2207B593F0082F9A1 /* TableViewHeightIncreaseOnContent.app */,
			);
			name = Products;
			sourceTree = "<group>";
		};
		C870FAD4207B593F0082F9A1 /* TableViewHeightIncreaseOnContent */ = {
			isa = PBXGroup;
			children = (
				C870FAD5207B593F0082F9A1 /* AppDelegate.swift */,
				C870FAD7207B593F0082F9A1 /* ViewController.swift */,
				C870FAD9207B593F0082F9A1 /* Main.storyboard */,
				C870FAE7207B59930082F9A1 /* MyTableViewCell.swift */,
				C870FAE8207B59930082F9A1 /* MyTableViewCell.xib */,
				C870FADC207B593F0082F9A1 /* Assets.xcassets */,
				C870FADE207B593F0082F9A1 /* LaunchScreen.storyboard */,
				C870FAE1207B593F0082F9A1 /* Info.plist */,
			);
			path = TableViewHeightIncreaseOnContent;
			sourceTree = "<group>";
		};
/* End PBXGroup section */

/* Begin PBXNativeTarget section */
		C870FAD1207B593F0082F9A1 /* TableViewHeightIncreaseOnContent */ = {
			isa = PBXNativeTarget;
			buildConfigurationList = C870FAE4207B593F0082F9A1 /* Build configuration list for PBXNativeTarget "TableViewHeightIncreaseOnContent" */;
			buildPhases = (
				C870FACE207B593F0082F9A1 /* Sources */,
				C870FACF207B593F0082F9A1 /* Frameworks */,
				C870FAD0207B593F0082F9A1 /* Resources */,
			);
			buildRules = (
			);
			dependencies = (
			);
			name = TableViewHeightIncreaseOnContent;
			productName = TableViewHeightIncreaseOnContent;
			productReference = C870FAD2207B593F0082F9A1 /* TableViewHeightIncreaseOnContent.app */;
			productType = "com.apple.product-type.application";
		};
/* End PBXNativeTarget section */

/* Begin PBXProject section */
		C870FACA207B593E0082F9A1 /* Project object */ = {
			isa = PBXProject;
			attributes = {
				LastSwiftUpdateCheck = 0920;
				LastUpgradeCheck = 0920;
				ORGANIZATIONNAME = "Rishab Dutta";
				TargetAttributes = {
					C870FAD1207B593F0082F9A1 = {
						CreatedOnToolsVersion = 9.2;
						ProvisioningStyle = Automatic;
					};
				};
			};
			buildConfigurationList = C870FACD207B593E0082F9A1 /* Build configuration list for PBXProject "TableViewHeightIncreaseOnContent" */;
			compatibilityVersion = "Xcode 8.0";
			developmentRegion = en;
			hasScannedForEncodings = 0;
			knownRegions = (
				en,
				Base,
			);
			mainGroup = C870FAC9207B593E0082F9A1;
			productRefGroup = C870FAD3207B593F0082F9A1 /* Products */;
			projectDirPath = "";
			projectRoot = "";
			targets = (
				C870FAD1207B593F0082F9A1 /* TableViewHeightIncreaseOnContent */,
			);
		};
/* End PBXProject section */

/* Begin PBXResourcesBuildPhase section */
		C870FAD0207B593F0082F9A1 /* Resources */ = {
			isa = PBXResourcesBuildPhase;
			buildActionMask = 2147483647;
			files = (
				C870FAE0207B593F0082F9A1 /* LaunchScreen.storyboard in Resources */,
				C870FAEA207B59930082F9A1 /* MyTableViewCell.xib in Resources */,
				C870FADD207B593F0082F9A1 /* Assets.xcassets in Resources */,
				C870FADB207B593F0082F9A1 /* Main.storyboard in Resources */,
			);
			runOnlyForDeploymentPostprocessing = 0;
		};
/* End PBXResourcesBuildPhase section */

/* Begin PBXSourcesBuildPhase section */
		C870FACE207B593F0082F9A1 /* Sources */ = {
			isa = PBXSourcesBuildPhase;
			buildActionMask = 2147483647;
			files = (
				C870FAD8207B593F0082F9A1 /* ViewController.swift in Sources */,
				C870FAD6207B593F0082F9A1 /* AppDelegate.swift in Sources */,
				C870FAE9207B59930082F9A1 /* MyTableViewCell.swift in Sources */,
			);
			runOnlyForDeploymentPostprocessing = 0;
		};
/* End PBXSourcesBuildPhase section */

/* Begin PBXVariantGroup section */
		C870FAD9207B593F0082F9A1 /* Main.storyboard */ = {
			isa = PBXVariantGroup;
			children = (
				C870FADA207B593F0082F9A1 /* Base */,
			);
			name = Main.storyboard;
			sourceTree = "<group>";
		};
		C870FADE207B593F0082F9A1 /* LaunchScreen.storyboard */ = {
			isa = PBXVariantGroup;
			children = (
				C870FADF207B593F0082F9A1 /* Base */,
			);
			name = LaunchScreen.storyboard;
			sourceTree = "<group>";
		};
/* End PBXVariantGroup section */

/* Begin XCBuildConfiguration section */
		C870FAE2207B593F0082F9A1 /* Debug */ = {
			isa = XCBuildConfiguration;
			buildSettings = {
				ALWAYS_SEARCH_USER_PATHS = NO;
				CLANG_ANALYZER_NONNULL = YES;
				CLANG_ANALYZER_NUMBER_OBJECT_CONVERSION = YES_AGGRESSIVE;
				CLANG_CXX_LANGUAGE_STANDARD = "gnu++14";
				CLANG_CXX_LIBRARY = "libc++";
				CLANG_ENABLE_MODULES = YES;
				CLANG_ENABLE_OBJC_ARC = YES;
				CLANG_WARN_BLOCK_CAPTURE_AUTORELEASING = YES;
				CLANG_WARN_BOOL_CONVERSION = YES;
				CLANG_WARN_COMMA = YES;
				CLANG_WARN_CONSTANT_CONVERSION = YES;
				CLANG_WARN_DIRECT_OBJC_ISA_USAGE = YES_ERROR;
				CLANG_WARN_DOCUMENTATION_COMMENTS = YES;
				CLANG_WARN_EMPTY_BODY = YES;
				CLANG_WARN_ENUM_CONVERSION = YES;
				CLANG_WARN_INFINITE_RECURSION = YES;
				CLANG_WARN_INT_CONVERSION = YES;
				CLANG_WARN_NON_LITERAL_NULL_CONVERSION = YES;
				CLANG_WARN_OBJC_LITERAL_CONVERSION = YES;
				CLANG_WARN_OBJC_ROOT_CLASS = YES_ERROR;
				CLANG_WARN_RANGE_LOOP_ANALYSIS = YES;
				CLANG_WARN_STRICT_PROTOTYPES = YES;
				CLANG_WARN_SUSPICIOUS_MOVE = YES;
				CLANG_WARN_UNGUARDED_AVAILABILITY = YES_AGGRESSIVE;
				CLANG_WARN_UNREACHABLE_CODE = YES;
				CLANG_WARN__DUPLICATE_METHOD_MATCH = YES;
				CODE_SIGN_IDENTITY = "iPhone Developer";
				COPY_PHASE_STRIP = NO;
				DEBUG_INFORMATION_FORMAT = dwarf;
				ENABLE_STRICT_OBJC_MSGSEND = YES;
				ENABLE_TESTABILITY = YES;
				GCC_C_LANGUAGE_STANDARD = gnu11;
				GCC_DYNAMIC_NO_PIC = NO;
				GCC_NO_COMMON_BLOCKS = YES;
				GCC_OPTIMIZATION_LEVEL = 0;
				GCC_PREPROCESSOR_DEFINITIONS = (
					"DEBUG=1",
					"$(inherited)",
				);
				GCC_WARN_64_TO_32_BIT_CONVERSION = YES;
				GCC_WARN_ABOUT_RETURN_TYPE = YES_ERROR;
				GCC_WARN_UNDECLARED_SELECTOR = YES;
				GCC_WARN_UNINITIALIZED_AUTOS = YES_AGGRESSIVE;
				GCC_WARN_UNUSED_FUNCTION = YES;
				GCC_WARN_UNUSED_VARIABLE = YES;
				IPHONEOS_DEPLOYMENT_TARGET = 11.2;
				MTL_ENABLE_DEBUG_INFO = YES;
				ONLY_ACTIVE_ARCH = YES;
				SDKROOT = iphoneos;
				SWIFT_ACTIVE_COMPILATION_CONDITIONS = DEBUG;
				SWIFT_OPTIMIZATION_LEVEL = "-Onone";
			};
			name = Debug;
		};
		C870FAE3207B593F0082F9A1 /* Release */ = {
			isa = XCBuildConfiguration;
			buildSettings = {
				ALWAYS_SEARCH_USER_PATHS = NO;
				CLANG_ANALYZER_NONNULL = YES;
				CLANG_ANALYZER_NUMBER_OBJECT_CONVERSION = YES_AGGRESSIVE;
				CLANG_CXX_LANGUAGE_STANDARD = "gnu++14";
				CLANG_CXX_LIBRARY = "libc++";
				CLANG_ENABLE_MODULES = YES;
				CLANG_ENABLE_OBJC_ARC = YES;
				CLANG_WARN_BLOCK_CAPTURE_AUTORELEASING = YES;
				CLANG_WARN_BOOL_CONVERSION = YES;
				CLANG_WARN_COMMA = YES;
				CLANG_WARN_CONSTANT_CONVERSION = YES;
				CLANG_WARN_DIRECT_OBJC_ISA_USAGE = YES_ERROR;
				CLANG_WARN_DOCUMENTATION_COMMENTS = YES;
				CLANG_WARN_EMPTY_BODY = YES;
				CLANG_WARN_ENUM_CONVERSION = YES;
				CLANG_WARN_INFINITE_RECURSION = YES;
				CLANG_WARN_INT_CONVERSION = YES;
				CLANG_WARN_NON_LITERAL_NULL_CONVERSION = YES;
				CLANG_WARN_OBJC_LITERAL_CONVERSION = YES;
				CLANG_WARN_OBJC_ROOT_CLASS = YES_ERROR;
				CLANG_WARN_RANGE_LOOP_ANALYSIS = YES;
				CLANG_WARN_STRICT_PROTOTYPES = YES;
				CLANG_WARN_SUSPICIOUS_MOVE = YES;
				CLANG_WARN_UNGUARDED_AVAILABILITY = YES_AGGRESSIVE;
				CLANG_WARN_UNREACHABLE_CODE = YES;
				CLANG_WARN__DUPLICATE_METHOD_MATCH = YES;
				CODE_SIGN_IDENTITY = "iPhone Developer";
				COPY_PHASE_STRIP = NO;
				DEBUG_INFORMATION_FORMAT = "dwarf-with-dsym";
				ENABLE_NS_ASSERTIONS = NO;
				ENABLE_STRICT_OBJC_MSGSEND = YES;
				GCC_C_LANGUAGE_STANDARD = gnu11;
				GCC_NO_COMMON_BLOCKS = YES;
				GCC_WARN_64_TO_32_BIT_CONVERSION = YES;
				GCC_WARN_ABOUT_RETURN_TYPE = YES_ERROR;
				GCC_WARN_UNDECLARED_SELECTOR = YES;
				GCC_WARN_UNINITIALIZED_AUTOS = YES_AGGRESSIVE;
				GCC_WARN_UNUSED_FUNCTION = YES;
				GCC_WARN_UNUSED_VARIABLE = YES;
				IPHONEOS_DEPLOYMENT_TARGET = 11.2;
				MTL_ENABLE_DEBUG_INFO = NO;
				SDKROOT = iphoneos;
				SWIFT_OPTIMIZATION_LEVEL = "-Owholemodule";
				VALIDATE_PRODUCT = YES;
			};
			name = Release;
		};
		C870FAE5207B593F0082F9A1 /* Debug */ = {
			isa = XCBuildConfiguration;
			buildSettings = {
				ASSETCATALOG_COMPILER_APPICON_NAME = AppIcon;
				CODE_SIGN_STYLE = Automatic;
				INFOPLIST_FILE = TableViewHeightIncreaseOnContent/Info.plist;
				LD_RUNPATH_SEARCH_PATHS = "$(inherited) @executable_path/Frameworks";
				PRODUCT_BUNDLE_IDENTIFIER = "Rishab-Dutta.TableViewHeightIncreaseOnContent";
				PRODUCT_NAME = "$(TARGET_NAME)";
				SWIFT_VERSION = 4.0;
				TARGETED_DEVICE_FAMILY = "1,2";
			};
			name = Debug;
		};
		C870FAE6207B593F0082F9A1 /* Release */ = {
			isa = XCBuildConfiguration;
			buildSettings = {
				ASSETCATALOG_COMPILER_APPICON_NAME = AppIcon;
				CODE_SIGN_STYLE = Automatic;
				INFOPLIST_FILE = TableViewHeightIncreaseOnContent/Info.plist;
				LD_RUNPATH_SEARCH_PATHS = "$(inherited) @executable_path/Frameworks";
				PRODUCT_BUNDLE_IDENTIFIER = "Rishab-Dutta.TableViewHeightIncreaseOnContent";
				PRODUCT_NAME = "$(TARGET_NAME)";
				SWIFT_VERSION = 4.0;
				TARGETED_DEVICE_FAMILY = "1,2";
			};
			name = Release;
		};
/* End XCBuildConfiguration section */

/* Begin XCConfigurationList section */
		C870FACD207B593E0082F9A1 /* Build configuration list for PBXProject "TableViewHeightIncreaseOnContent" */ = {
			isa = XCConfigurationList;
			buildConfigurations = (
				C870FAE2207B593F0082F9A1 /* Debug */,
				C870FAE3207B593F0082F9A1 /* Release */,
			);
			defaultConfigurationIsVisible = 0;
			defaultConfigurationName = Release;
		};
		C870FAE4207B593F0082F9A1 /* Build configuration list for PBXNativeTarget "TableViewHeightIncreaseOnContent" */ = {
			isa = XCConfigurationList;
			buildConfigurations = (
				C870FAE5207B593F0082F9A1 /* Debug */,
				C870FAE6207B593F0082F9A1 /* Release */,
			);
			defaultConfigurationIsVisible = 0;
			defaultConfigurationName = Release;
		};
/* End XCConfigurationList section */
	};
	rootObject = C870FACA207B593E0082F9A1 /* Project object */;
}
